
Microsoft Visual Studio Solution File, Format Version 12.00
# Visual Studio Version 16
VisualStudioVersion = 16.0.31702.278
MinimumVisualStudioVersion = 10.0.40219.1
Project("{FAE04EC0-301F-11D3-BF4B-00C04F79EFBC}") = "Boter, Kaas en Eieren", "Boter, Kaas en Eieren\Boter, Kaas en Eieren.csproj", "{570CB920-F97A-400B-A8FE-BE65DE149CEC}"
EndProject
Global
	GlobalSection(SolutionConfigurationPlatforms) = preSolution
		Debug|Any CPU = Debug|Any CPU
		Release|Any CPU = Release|Any CPU
	EndGlobalSection
	GlobalSection(ProjectConfigurationPlatforms) = postSolution
		{570CB920-F97A-400B-A8FE-BE65DE149CEC}.Debug|Any CPU.ActiveCfg = Debug|Any CPU
		{570CB920-F97A-400B-A8FE-BE65DE149CEC}.Debug|Any CPU.Build.0 = Debug|Any CPU
		{570CB920-F97A-400B-A8FE-BE65DE149CEC}.Release|Any CPU.ActiveCfg = Release|Any CPU
		{570CB920-F97A-400B-A8FE-BE65DE149CEC}.Release|Any CPU.Build.0 = Release|Any CPU
	EndGlobalSection
	GlobalSection(SolutionProperties) = preSolution
		HideSolutionNode = FALSE
	EndGlobalSection
	GlobalSection(ExtensibilityGlobals) = postSolution
		SolutionGuid = {B0CA4AE4-E69D-4A37-96E2-65A747759AD2}
	EndGlobalSection
EndGlobal
